
Microsoft Visual Studio Solution File, Format Version 12.00
# Visual Studio Version 17
VisualStudioVersion = 17.1.32407.343
MinimumVisualStudioVersion = 10.0.40219.1
Project("{FAE04EC0-301F-11D3-BF4B-00C04F79EFBC}") = "ChatTcpClient", "ChatTcpClient\ChatTcpClient.csproj", "{128248F4-59A4-46A6-ACB7-148E6D5861AE}"
EndProject
Global
	GlobalSection(SolutionConfigurationPlatforms) = preSolution
		Debug|Any CPU = Debug|Any CPU
		Release|Any CPU = Release|Any CPU
	EndGlobalSection
	GlobalSection(ProjectConfigurationPlatforms) = postSolution
		{128248F4-59A4-46A6-ACB7-148E6D5861AE}.Debug|Any CPU.ActiveCfg = Debug|Any CPU
		{128248F4-59A4-46A6-ACB7-148E6D5861AE}.Debug|Any CPU.Build.0 = Debug|Any CPU
		{128248F4-59A4-46A6-ACB7-148E6D5861AE}.Release|Any CPU.ActiveCfg = Release|Any CPU
		{128248F4-59A4-46A6-ACB7-148E6D5861AE}.Release|Any CPU.Build.0 = Release|Any CPU
	EndGlobalSection
	GlobalSection(SolutionProperties) = preSolution
		HideSolutionNode = FALSE
	EndGlobalSection
	GlobalSection(ExtensibilityGlobals) = postSolution
		SolutionGuid = {055FE5EC-4C60-473C-BB0A-3E3DCEEEF5E6}
	EndGlobalSection
EndGlobal
